
Microsoft Visual Studio Solution File, Format Version 12.00
# Visual Studio Version 16
VisualStudioVersion = 16.0.32630.194
MinimumVisualStudioVersion = 10.0.40219.1
Project("{FAE04EC0-301F-11D3-BF4B-00C04F79EFBC}") = "DFS", "DFS.csproj", "{68AF50E8-18CC-4DF2-B6B5-2825114EF101}"
EndProject
Global
	GlobalSection(SolutionConfigurationPlatforms) = preSolution
		Debug|Any CPU = Debug|Any CPU
		Release|Any CPU = Release|Any CPU
	EndGlobalSection
	GlobalSection(ProjectConfigurationPlatforms) = postSolution
		{68AF50E8-18CC-4DF2-B6B5-2825114EF101}.Debug|Any CPU.ActiveCfg = Debug|Any CPU
		{68AF50E8-18CC-4DF2-B6B5-2825114EF101}.Debug|Any CPU.Build.0 = Debug|Any CPU
		{68AF50E8-18CC-4DF2-B6B5-2825114EF101}.Release|Any CPU.ActiveCfg = Release|Any CPU
		{68AF50E8-18CC-4DF2-B6B5-2825114EF101}.Release|Any CPU.Build.0 = Release|Any CPU
	EndGlobalSection
	GlobalSection(SolutionProperties) = preSolution
		HideSolutionNode = FALSE
	EndGlobalSection
	GlobalSection(ExtensibilityGlobals) = postSolution
		SolutionGuid = {AFD879C4-0539-4BF1-B32B-805323183B9D}
	EndGlobalSection
EndGlobal
